// !$*UTF8*$!
{
	archiveVersion = 1;
	classes = {
	};
	objectVersion = 55;
	objects = {

/* Begin PBXBuildFile section */
		0635FCD3275460AE00EA30B1 /* ResetPassword.swift in Sources */ = {isa = PBXBuildFile; fileRef = 0635FCD2275460AE00EA30B1 /* ResetPassword.swift */; };
		063967732746497500A99EEA /* ChatMessage.swift in Sources */ = {isa = PBXBuildFile; fileRef = 063967722746497500A99EEA /* ChatMessage.swift */; };
		064DB0F427567B3200532C4A /* CFNetwork.framework in Frameworks */ = {isa = PBXBuildFile; fileRef = 064DB0F327567B3200532C4A /* CFNetwork.framework */; };
		064DB0F627567B6800532C4A /* SystemConfiguration.framework in Frameworks */ = {isa = PBXBuildFile; fileRef = 064DB0F527567B6800532C4A /* SystemConfiguration.framework */; };
		064DB0F827567B7600532C4A /* MobileCoreServices.framework in Frameworks */ = {isa = PBXBuildFile; fileRef = 064DB0F727567B7600532C4A /* MobileCoreServices.framework */; };
		064DB0FA27567B8300532C4A /* CoreGraphics.framework in Frameworks */ = {isa = PBXBuildFile; fileRef = 064DB0F927567B8300532C4A /* CoreGraphics.framework */; };
		065134C0273E109800A5A530 /* ImagePicker.swift in Sources */ = {isa = PBXBuildFile; fileRef = 065134BF273E109800A5A530 /* ImagePicker.swift */; };
		065C03E5273A59E9009016C3 /* ChatAppApp.swift in Sources */ = {isa = PBXBuildFile; fileRef = 065C03E4273A59E9009016C3 /* ChatAppApp.swift */; };
		065C03E7273A59E9009016C3 /* ContentView.swift in Sources */ = {isa = PBXBuildFile; fileRef = 065C03E6273A59E9009016C3 /* ContentView.swift */; };
		065C03E9273A59EB009016C3 /* Assets.xcassets in Resources */ = {isa = PBXBuildFile; fileRef = 065C03E8273A59EB009016C3 /* Assets.xcassets */; };
		065C03EC273A59EB009016C3 /* Preview Assets.xcassets in Resources */ = {isa = PBXBuildFile; fileRef = 065C03EB273A59EB009016C3 /* Preview Assets.xcassets */; };
		065C03F6273A59EC009016C3 /* ChatAppTests.swift in Sources */ = {isa = PBXBuildFile; fileRef = 065C03F5273A59EC009016C3 /* ChatAppTests.swift */; };
		065C0400273A59EC009016C3 /* ChatAppUITests.swift in Sources */ = {isa = PBXBuildFile; fileRef = 065C03FF273A59EC009016C3 /* ChatAppUITests.swift */; };
		065C0402273A59EC009016C3 /* ChatAppUITestsLaunchTests.swift in Sources */ = {isa = PBXBuildFile; fileRef = 065C0401273A59EC009016C3 /* ChatAppUITestsLaunchTests.swift */; };
		065C0410273A6173009016C3 /* Home.swift in Sources */ = {isa = PBXBuildFile; fileRef = 065C040F273A6173009016C3 /* Home.swift */; };
		0661C4E5274B4EFD00B3C9AF /* Message.swift in Sources */ = {isa = PBXBuildFile; fileRef = 0661C4E4274B4EFD00B3C9AF /* Message.swift */; };
		066542AF2744E260008B79C1 /* FirebaseManager.swift in Sources */ = {isa = PBXBuildFile; fileRef = 066542AE2744E260008B79C1 /* FirebaseManager.swift */; };
		067BD31027572255002ED73F /* LastMessage.swift in Sources */ = {isa = PBXBuildFile; fileRef = 067BD30F27572255002ED73F /* LastMessage.swift */; };
		069DFBD4273BC3B2003E1419 /* FirebaseAuth in Frameworks */ = {isa = PBXBuildFile; productRef = 069DFBD3273BC3B2003E1419 /* FirebaseAuth */; };
		069DFBD6273BC3B2003E1419 /* FirebaseStorage in Frameworks */ = {isa = PBXBuildFile; productRef = 069DFBD5273BC3B2003E1419 /* FirebaseStorage */; };
		06A4065B27415768004C0D23 /* MainMessage.swift in Sources */ = {isa = PBXBuildFile; fileRef = 06A4065A27415768004C0D23 /* MainMessage.swift */; };
		06B00D5F273C0CF9000E7BAB /* GoogleService-Info.plist in Resources */ = {isa = PBXBuildFile; fileRef = 06B00D5E273C0CF9000E7BAB /* GoogleService-Info.plist */; };
		06B9238E2743630000D9C974 /* SDWebImageSwiftUI in Frameworks */ = {isa = PBXBuildFile; productRef = 06B9238D2743630000D9C974 /* SDWebImageSwiftUI */; };
		06B923912743650500D9C974 /* HomeViewModel.swift in Sources */ = {isa = PBXBuildFile; fileRef = 06B923902743650500D9C974 /* HomeViewModel.swift */; };
		06B92394274365CB00D9C974 /* User.swift in Sources */ = {isa = PBXBuildFile; fileRef = 06B92393274365CB00D9C974 /* User.swift */; };
		06CFE6612745FDB6005BC5B6 /* NewMessage.swift in Sources */ = {isa = PBXBuildFile; fileRef = 06CFE6602745FDB6005BC5B6 /* NewMessage.swift */; };
		3C97915B662CE3DA91B0D27E /* Pods_ChatAppTests.framework in Frameworks */ = {isa = PBXBuildFile; fileRef = 82F2E7934BE96BE131027E7C /* Pods_ChatAppTests.framework */; };
		71956330AAC7E8C171795228 /* Pods_ChatApp.framework in Frameworks */ = {isa = PBXBuildFile; fileRef = 8EEF96396C523FCDBC1DC17A /* Pods_ChatApp.framework */; };
		918A2CAC419B8D0B1B2284AB /* Pods_ChatApp_ChatAppUITests.framework in Frameworks */ = {isa = PBXBuildFile; fileRef = 6DA320FBCDEA77EC5685F9EA /* Pods_ChatApp_ChatAppUITests.framework */; };
/* End PBXBuildFile section */

/* Begin PBXContainerItemProxy section */
		065C03F2273A59EC009016C3 /* PBXContainerItemProxy */ = {
			isa = PBXContainerItemProxy;
			containerPortal = 065C03D9273A59E9009016C3 /* Project object */;
			proxyType = 1;
			remoteGlobalIDString = 065C03E0273A59E9009016C3;
			remoteInfo = ChatApp;
		};
		065C03FC273A59EC009016C3 /* PBXContainerItemProxy */ = {
			isa = PBXContainerItemProxy;
			containerPortal = 065C03D9273A59E9009016C3 /* Project object */;
			proxyType = 1;
			remoteGlobalIDString = 065C03E0273A59E9009016C3;
			remoteInfo = ChatApp;
		};
/* End PBXContainerItemProxy section */

/* Begin PBXFileReference section */
		0635FCD2275460AE00EA30B1 /* ResetPassword.swift */ = {isa = PBXFileReference; lastKnownFileType = sourcecode.swift; path = ResetPassword.swift; sourceTree = "<group>"; };
		063967722746497500A99EEA /* ChatMessage.swift */ = {isa = PBXFileReference; lastKnownFileType = sourcecode.swift; path = ChatMessage.swift; sourceTree = "<group>"; };
		064DB0F327567B3200532C4A /* CFNetwork.framework */ = {isa = PBXFileReference; lastKnownFileType = wrapper.framework; name = CFNetwork.framework; path = System/Library/Frameworks/CFNetwork.framework; sourceTree = SDKROOT; };
		064DB0F527567B6800532C4A /* SystemConfiguration.framework */ = {isa = PBXFileReference; lastKnownFileType = wrapper.framework; name = SystemConfiguration.framework; path = System/Library/Frameworks/SystemConfiguration.framework; sourceTree = SDKROOT; };
		064DB0F727567B7600532C4A /* MobileCoreServices.framework */ = {isa = PBXFileReference; lastKnownFileType = wrapper.framework; name = MobileCoreServices.framework; path = System/Library/Frameworks/MobileCoreServices.framework; sourceTree = SDKROOT; };
		064DB0F927567B8300532C4A /* CoreGraphics.framework */ = {isa = PBXFileReference; lastKnownFileType = wrapper.framework; name = CoreGraphics.framework; path = System/Library/Frameworks/CoreGraphics.framework; sourceTree = SDKROOT; };
		064DEAFE2742C9B7004E9B10 /* Info.plist */ = {isa = PBXFileReference; lastKnownFileType = text.plist; path = Info.plist; sourceTree = "<group>"; };
		065134BF273E109800A5A530 /* ImagePicker.swift */ = {isa = PBXFileReference; fileEncoding = 4; lastKnownFileType = sourcecode.swift; path = ImagePicker.swift; sourceTree = "<group>"; };
		065C03E1273A59E9009016C3 /* ChatApp.app */ = {isa = PBXFileReference; explicitFileType = wrapper.application; includeInIndex = 0; path = ChatApp.app; sourceTree = BUILT_PRODUCTS_DIR; };
		065C03E4273A59E9009016C3 /* ChatAppApp.swift */ = {isa = PBXFileReference; lastKnownFileType = sourcecode.swift; path = ChatAppApp.swift; sourceTree = "<group>"; };
		065C03E6273A59E9009016C3 /* ContentView.swift */ = {isa = PBXFileReference; lastKnownFileType = sourcecode.swift; path = ContentView.swift; sourceTree = "<group>"; };
		065C03E8273A59EB009016C3 /* Assets.xcassets */ = {isa = PBXFileReference; lastKnownFileType = folder.assetcatalog; path = Assets.xcassets; sourceTree = "<group>"; };
		065C03EB273A59EB009016C3 /* Preview Assets.xcassets */ = {isa = PBXFileReference; lastKnownFileType = folder.assetcatalog; path = "Preview Assets.xcassets"; sourceTree = "<group>"; };
		065C03F1273A59EC009016C3 /* ChatAppTests.xctest */ = {isa = PBXFileReference; explicitFileType = wrapper.cfbundle; includeInIndex = 0; path = ChatAppTests.xctest; sourceTree = BUILT_PRODUCTS_DIR; };
		065C03F5273A59EC009016C3 /* ChatAppTests.swift */ = {isa = PBXFileReference; lastKnownFileType = sourcecode.swift; path = ChatAppTests.swift; sourceTree = "<group>"; };
		065C03FB273A59EC009016C3 /* ChatAppUITests.xctest */ = {isa = PBXFileReference; explicitFileType = wrapper.cfbundle; includeInIndex = 0; path = ChatAppUITests.xctest; sourceTree = BUILT_PRODUCTS_DIR; };
		065C03FF273A59EC009016C3 /* ChatAppUITests.swift */ = {isa = PBXFileReference; lastKnownFileType = sourcecode.swift; path = ChatAppUITests.swift; sourceTree = "<group>"; };
		065C0401273A59EC009016C3 /* ChatAppUITestsLaunchTests.swift */ = {isa = PBXFileReference; lastKnownFileType = sourcecode.swift; path = ChatAppUITestsLaunchTests.swift; sourceTree = "<group>"; };
		065C040F273A6173009016C3 /* Home.swift */ = {isa = PBXFileReference; lastKnownFileType = sourcecode.swift; path = Home.swift; sourceTree = "<group>"; };
		0661C4E4274B4EFD00B3C9AF /* Message.swift */ = {isa = PBXFileReference; lastKnownFileType = sourcecode.swift; path = Message.swift; sourceTree = "<group>"; };
		066542AE2744E260008B79C1 /* FirebaseManager.swift */ = {isa = PBXFileReference; lastKnownFileType = sourcecode.swift; path = FirebaseManager.swift; sourceTree = "<group>"; };
		067BD30F27572255002ED73F /* LastMessage.swift */ = {isa = PBXFileReference; lastKnownFileType = sourcecode.swift; path = LastMessage.swift; sourceTree = "<group>"; };
		06A4065A27415768004C0D23 /* MainMessage.swift */ = {isa = PBXFileReference; lastKnownFileType = sourcecode.swift; path = MainMessage.swift; sourceTree = "<group>"; };
		06B00D5E273C0CF9000E7BAB /* GoogleService-Info.plist */ = {isa = PBXFileReference; fileEncoding = 4; lastKnownFileType = text.plist.xml; path = "GoogleService-Info.plist"; sourceTree = "<group>"; };
		06B923902743650500D9C974 /* HomeViewModel.swift */ = {isa = PBXFileReference; lastKnownFileType = sourcecode.swift; path = HomeViewModel.swift; sourceTree = "<group>"; };
		06B92393274365CB00D9C974 /* User.swift */ = {isa = PBXFileReference; lastKnownFileType = sourcecode.swift; path = User.swift; sourceTree = "<group>"; };
		06CFE6602745FDB6005BC5B6 /* NewMessage.swift */ = {isa = PBXFileReference; lastKnownFileType = sourcecode.swift; path = NewMessage.swift; sourceTree = "<group>"; };
		1517D1B39927555C8124D235 /* Pods-ChatApp.release.xcconfig */ = {isa = PBXFileReference; includeInIndex = 1; lastKnownFileType = text.xcconfig; name = "Pods-ChatApp.release.xcconfig"; path = "Target Support Files/Pods-ChatApp/Pods-ChatApp.release.xcconfig"; sourceTree = "<group>"; };
		1540F88713FEA82C63E88178 /* Pods-ChatApp-ChatAppUITests.debug.xcconfig */ = {isa = PBXFileReference; includeInIndex = 1; lastKnownFileType = text.xcconfig; name = "Pods-ChatApp-ChatAppUITests.debug.xcconfig"; path = "Target Support Files/Pods-ChatApp-ChatAppUITests/Pods-ChatApp-ChatAppUITests.debug.xcconfig"; sourceTree = "<group>"; };
		69136919F18A9F23FF9AD7F4 /* Pods-ChatAppTests.release.xcconfig */ = {isa = PBXFileReference; includeInIndex = 1; lastKnownFileType = text.xcconfig; name = "Pods-ChatAppTests.release.xcconfig"; path = "Target Support Files/Pods-ChatAppTests/Pods-ChatAppTests.release.xcconfig"; sourceTree = "<group>"; };
		6DA320FBCDEA77EC5685F9EA /* Pods_ChatApp_ChatAppUITests.framework */ = {isa = PBXFileReference; explicitFileType = wrapper.framework; includeInIndex = 0; path = Pods_ChatApp_ChatAppUITests.framework; sourceTree = BUILT_PRODUCTS_DIR; };
		82F2E7934BE96BE131027E7C /* Pods_ChatAppTests.framework */ = {isa = PBXFileReference; explicitFileType = wrapper.framework; includeInIndex = 0; path = Pods_ChatAppTests.framework; sourceTree = BUILT_PRODUCTS_DIR; };
		8EEF96396C523FCDBC1DC17A /* Pods_ChatApp.framework */ = {isa = PBXFileReference; explicitFileType = wrapper.framework; includeInIndex = 0; path = Pods_ChatApp.framework; sourceTree = BUILT_PRODUCTS_DIR; };
		95F269D18B85635D3709296C /* Pods-ChatApp.debug.xcconfig */ = {isa = PBXFileReference; includeInIndex = 1; lastKnownFileType = text.xcconfig; name = "Pods-ChatApp.debug.xcconfig"; path = "Target Support Files/Pods-ChatApp/Pods-ChatApp.debug.xcconfig"; sourceTree = "<group>"; };
		BA517F9C68E7660551B33F38 /* Pods-ChatApp-ChatAppUITests.release.xcconfig */ = {isa = PBXFileReference; includeInIndex = 1; lastKnownFileType = text.xcconfig; name = "Pods-ChatApp-ChatAppUITests.release.xcconfig"; path = "Target Support Files/Pods-ChatApp-ChatAppUITests/Pods-ChatApp-ChatAppUITests.release.xcconfig"; sourceTree = "<group>"; };
		D2F869BF34550C0130DD4FB0 /* Pods-ChatAppTests.debug.xcconfig */ = {isa = PBXFileReference; includeInIndex = 1; lastKnownFileType = text.xcconfig; name = "Pods-ChatAppTests.debug.xcconfig"; path = "Target Support Files/Pods-ChatAppTests/Pods-ChatAppTests.debug.xcconfig"; sourceTree = "<group>"; };
/* End PBXFileReference section */

/* Begin PBXFrameworksBuildPhase section */
		065C03DE273A59E9009016C3 /* Frameworks */ = {
			isa = PBXFrameworksBuildPhase;
			buildActionMask = 2147483647;
			files = (
				064DB0FA27567B8300532C4A /* CoreGraphics.framework in Frameworks */,
				064DB0F827567B7600532C4A /* MobileCoreServices.framework in Frameworks */,
				064DB0F627567B6800532C4A /* SystemConfiguration.framework in Frameworks */,
				064DB0F427567B3200532C4A /* CFNetwork.framework in Frameworks */,
				06B9238E2743630000D9C974 /* SDWebImageSwiftUI in Frameworks */,
				069DFBD4273BC3B2003E1419 /* FirebaseAuth in Frameworks */,
				069DFBD6273BC3B2003E1419 /* FirebaseStorage in Frameworks */,
				71956330AAC7E8C171795228 /* Pods_ChatApp.framework in Frameworks */,
			);
			runOnlyForDeploymentPostprocessing = 0;
		};
		065C03EE273A59EC009016C3 /* Frameworks */ = {
			isa = PBXFrameworksBuildPhase;
			buildActionMask = 2147483647;
			files = (
				3C97915B662CE3DA91B0D27E /* Pods_ChatAppTests.framework in Frameworks */,
			);
			runOnlyForDeploymentPostprocessing = 0;
		};
		065C03F8273A59EC009016C3 /* Frameworks */ = {
			isa = PBXFrameworksBuildPhase;
			buildActionMask = 2147483647;
			files = (
				918A2CAC419B8D0B1B2284AB /* Pods_ChatApp_ChatAppUITests.framework in Frameworks */,
			);
			runOnlyForDeploymentPostprocessing = 0;
		};
/* End PBXFrameworksBuildPhase section */

/* Begin PBXGroup section */
		065C03D8273A59E9009016C3 = {
			isa = PBXGroup;
			children = (
				065C03E3273A59E9009016C3 /* ChatApp */,
				065C03F4273A59EC009016C3 /* ChatAppTests */,
				065C03FE273A59EC009016C3 /* ChatAppUITests */,
				065C03E2273A59E9009016C3 /* Products */,
				55E805FF5580233964C881B8 /* Pods */,
				9E7C17CEE3568B75733DFE85 /* Frameworks */,
			);
			sourceTree = "<group>";
		};
		065C03E2273A59E9009016C3 /* Products */ = {
			isa = PBXGroup;
			children = (
				065C03E1273A59E9009016C3 /* ChatApp.app */,
				065C03F1273A59EC009016C3 /* ChatAppTests.xctest */,
				065C03FB273A59EC009016C3 /* ChatAppUITests.xctest */,
			);
			name = Products;
			sourceTree = "<group>";
		};
		065C03E3273A59E9009016C3 /* ChatApp */ = {
			isa = PBXGroup;
			children = (
				06B92392274365AE00D9C974 /* Model */,
				06B9238F274364C400D9C974 /* View Model */,
				065C040E273A6149009016C3 /* View */,
				065C03E4273A59E9009016C3 /* ChatAppApp.swift */,
				065C03E6273A59E9009016C3 /* ContentView.swift */,
				065C03E8273A59EB009016C3 /* Assets.xcassets */,
				06B00D5E273C0CF9000E7BAB /* GoogleService-Info.plist */,
				065C03EA273A59EB009016C3 /* Preview Content */,
				064DEAFE2742C9B7004E9B10 /* Info.plist */,
			);
			path = ChatApp;
			sourceTree = "<group>";
		};
		065C03EA273A59EB009016C3 /* Preview Content */ = {
			isa = PBXGroup;
			children = (
				065C03EB273A59EB009016C3 /* Preview Assets.xcassets */,
			);
			path = "Preview Content";
			sourceTree = "<group>";
		};
		065C03F4273A59EC009016C3 /* ChatAppTests */ = {
			isa = PBXGroup;
			children = (
				065C03F5273A59EC009016C3 /* ChatAppTests.swift */,
			);
			path = ChatAppTests;
			sourceTree = "<group>";
		};
		065C03FE273A59EC009016C3 /* ChatAppUITests */ = {
			isa = PBXGroup;
			children = (
				065C03FF273A59EC009016C3 /* ChatAppUITests.swift */,
				065C0401273A59EC009016C3 /* ChatAppUITestsLaunchTests.swift */,
			);
			path = ChatAppUITests;
			sourceTree = "<group>";
		};
		065C040E273A6149009016C3 /* View */ = {
			isa = PBXGroup;
			children = (
				065C040F273A6173009016C3 /* Home.swift */,
				065134BF273E109800A5A530 /* ImagePicker.swift */,
				0635FCD2275460AE00EA30B1 /* ResetPassword.swift */,
				06A4065A27415768004C0D23 /* MainMessage.swift */,
				06CFE6602745FDB6005BC5B6 /* NewMessage.swift */,
				063967722746497500A99EEA /* ChatMessage.swift */,
			);
			path = View;
			sourceTree = "<group>";
		};
		06B9238F274364C400D9C974 /* View Model */ = {
			isa = PBXGroup;
			children = (
				066542AE2744E260008B79C1 /* FirebaseManager.swift */,
				06B923902743650500D9C974 /* HomeViewModel.swift */,
			);
			path = "View Model";
			sourceTree = "<group>";
		};
		06B92392274365AE00D9C974 /* Model */ = {
			isa = PBXGroup;
			children = (
				06B92393274365CB00D9C974 /* User.swift */,
				0661C4E4274B4EFD00B3C9AF /* Message.swift */,
				067BD30F27572255002ED73F /* LastMessage.swift */,
			);
			path = Model;
			sourceTree = "<group>";
		};
		55E805FF5580233964C881B8 /* Pods */ = {
			isa = PBXGroup;
			children = (
				95F269D18B85635D3709296C /* Pods-ChatApp.debug.xcconfig */,
				1517D1B39927555C8124D235 /* Pods-ChatApp.release.xcconfig */,
				1540F88713FEA82C63E88178 /* Pods-ChatApp-ChatAppUITests.debug.xcconfig */,
				BA517F9C68E7660551B33F38 /* Pods-ChatApp-ChatAppUITests.release.xcconfig */,
				D2F869BF34550C0130DD4FB0 /* Pods-ChatAppTests.debug.xcconfig */,
				69136919F18A9F23FF9AD7F4 /* Pods-ChatAppTests.release.xcconfig */,
			);
			path = Pods;
			sourceTree = "<group>";
		};
		9E7C17CEE3568B75733DFE85 /* Frameworks */ = {
			isa = PBXGroup;
			children = (
				064DB0F927567B8300532C4A /* CoreGraphics.framework */,
				064DB0F727567B7600532C4A /* MobileCoreServices.framework */,
				064DB0F527567B6800532C4A /* SystemConfiguration.framework */,
				064DB0F327567B3200532C4A /* CFNetwork.framework */,
				8EEF96396C523FCDBC1DC17A /* Pods_ChatApp.framework */,
				6DA320FBCDEA77EC5685F9EA /* Pods_ChatApp_ChatAppUITests.framework */,
				82F2E7934BE96BE131027E7C /* Pods_ChatAppTests.framework */,
			);
			name = Frameworks;
			sourceTree = "<group>";
		};
/* End PBXGroup section */

/* Begin PBXNativeTarget section */
		065C03E0273A59E9009016C3 /* ChatApp */ = {
			isa = PBXNativeTarget;
			buildConfigurationList = 065C0405273A59EC009016C3 /* Build configuration list for PBXNativeTarget "ChatApp" */;
			buildPhases = (
				EA81EA2F879E55C0CC44C9BE /* [CP] Check Pods Manifest.lock */,
				065C03DD273A59E9009016C3 /* Sources */,
				065C03DE273A59E9009016C3 /* Frameworks */,
				065C03DF273A59E9009016C3 /* Resources */,
				81AF0A8018A84DD5E21FBB22 /* [CP] Copy Pods Resources */,
			);
			buildRules = (
			);
			dependencies = (
			);
			name = ChatApp;
			packageProductDependencies = (
				069DFBD3273BC3B2003E1419 /* FirebaseAuth */,
				069DFBD5273BC3B2003E1419 /* FirebaseStorage */,
				06B9238D2743630000D9C974 /* SDWebImageSwiftUI */,
			);
			productName = ChatApp;
			productReference = 065C03E1273A59E9009016C3 /* ChatApp.app */;
			productType = "com.apple.product-type.application";
		};
		065C03F0273A59EC009016C3 /* ChatAppTests */ = {
			isa = PBXNativeTarget;
			buildConfigurationList = 065C0408273A59EC009016C3 /* Build configuration list for PBXNativeTarget "ChatAppTests" */;
			buildPhases = (
				A5086C1632CCF3A7B768F4A0 /* [CP] Check Pods Manifest.lock */,
				065C03ED273A59EC009016C3 /* Sources */,
				065C03EE273A59EC009016C3 /* Frameworks */,
				065C03EF273A59EC009016C3 /* Resources */,
			);
			buildRules = (
			);
			dependencies = (
				065C03F3273A59EC009016C3 /* PBXTargetDependency */,
			);
			name = ChatAppTests;
			productName = ChatAppTests;
			productReference = 065C03F1273A59EC009016C3 /* ChatAppTests.xctest */;
			productType = "com.apple.product-type.bundle.unit-test";
		};
		065C03FA273A59EC009016C3 /* ChatAppUITests */ = {
			isa = PBXNativeTarget;
			buildConfigurationList = 065C040B273A59EC009016C3 /* Build configuration list for PBXNativeTarget "ChatAppUITests" */;
			buildPhases = (
				10A8AD51A6CD1B1AE290FC3D /* [CP] Check Pods Manifest.lock */,
				065C03F7273A59EC009016C3 /* Sources */,
				065C03F8273A59EC009016C3 /* Frameworks */,
				065C03F9273A59EC009016C3 /* Resources */,
				6791F0D0B924889C9E4A1B94 /* [CP] Copy Pods Resources */,
			);
			buildRules = (
			);
			dependencies = (
				065C03FD273A59EC009016C3 /* PBXTargetDependency */,
			);
			name = ChatAppUITests;
			productName = ChatAppUITests;
			productReference = 065C03FB273A59EC009016C3 /* ChatAppUITests.xctest */;
			productType = "com.apple.product-type.bundle.ui-testing";
		};
/* End PBXNativeTarget section */

/* Begin PBXProject section */
		065C03D9273A59E9009016C3 /* Project object */ = {
			isa = PBXProject;
			attributes = {
				BuildIndependentTargetsInParallel = 1;
				LastSwiftUpdateCheck = 1310;
				LastUpgradeCheck = 1310;
				TargetAttributes = {
					065C03E0273A59E9009016C3 = {
						CreatedOnToolsVersion = 13.1;
					};
					065C03F0273A59EC009016C3 = {
						CreatedOnToolsVersion = 13.1;
						TestTargetID = 065C03E0273A59E9009016C3;
					};
					065C03FA273A59EC009016C3 = {
						CreatedOnToolsVersion = 13.1;
						TestTargetID = 065C03E0273A59E9009016C3;
					};
				};
			};
			buildConfigurationList = 065C03DC273A59E9009016C3 /* Build configuration list for PBXProject "ChatApp" */;
			compatibilityVersion = "Xcode 13.0";
			developmentRegion = en;
			hasScannedForEncodings = 0;
			knownRegions = (
				en,
				Base,
			);
			mainGroup = 065C03D8273A59E9009016C3;
			packageReferences = (
				069DFBD2273BC3B2003E1419 /* XCRemoteSwiftPackageReference "firebase-ios-sdk" */,
				06B9238C2743630000D9C974 /* XCRemoteSwiftPackageReference "SDWebImageSwiftUI" */,
			);
			productRefGroup = 065C03E2273A59E9009016C3 /* Products */;
			projectDirPath = "";
			projectRoot = "";
			targets = (
				065C03E0273A59E9009016C3 /* ChatApp */,
				065C03F0273A59EC009016C3 /* ChatAppTests */,
				065C03FA273A59EC009016C3 /* ChatAppUITests */,
			);
		};
/* End PBXProject section */

/* Begin PBXResourcesBuildPhase section */
		065C03DF273A59E9009016C3 /* Resources */ = {
			isa = PBXResourcesBuildPhase;
			buildActionMask = 2147483647;
			files = (
				065C03EC273A59EB009016C3 /* Preview Assets.xcassets in Resources */,
				065C03E9273A59EB009016C3 /* Assets.xcassets in Resources */,
				06B00D5F273C0CF9000E7BAB /* GoogleService-Info.plist in Resources */,
			);
			runOnlyForDeploymentPostprocessing = 0;
		};
		065C03EF273A59EC009016C3 /* Resources */ = {
			isa = PBXResourcesBuildPhase;
			buildActionMask = 2147483647;
			files = (
			);
			runOnlyForDeploymentPostprocessing = 0;
		};
		065C03F9273A59EC009016C3 /* Resources */ = {
			isa = PBXResourcesBuildPhase;
			buildActionMask = 2147483647;
			files = (
			);
			runOnlyForDeploymentPostprocessing = 0;
		};
/* End PBXResourcesBuildPhase section */

/* Begin PBXShellScriptBuildPhase section */
		10A8AD51A6CD1B1AE290FC3D /* [CP] Check Pods Manifest.lock */ = {
			isa = PBXShellScriptBuildPhase;
			buildActionMask = 2147483647;
			files = (
			);
			inputFileListPaths = (
			);
			inputPaths = (
				"${PODS_PODFILE_DIR_PATH}/Podfile.lock",
				"${PODS_ROOT}/Manifest.lock",
			);
			name = "[CP] Check Pods Manifest.lock";
			outputFileListPaths = (
			);
			outputPaths = (
				"$(DERIVED_FILE_DIR)/Pods-ChatApp-ChatAppUITests-checkManifestLockResult.txt",
			);
			runOnlyForDeploymentPostprocessing = 0;
			shellPath = /bin/sh;
			shellScript = "diff \"${PODS_PODFILE_DIR_PATH}/Podfile.lock\" \"${PODS_ROOT}/Manifest.lock\" > /dev/null\nif [ $? != 0 ] ; then\n    # print error to STDERR\n    echo \"error: The sandbox is not in sync with the Podfile.lock. Run 'pod install' or update your CocoaPods installation.\" >&2\n    exit 1\nfi\n# This output is used by Xcode 'outputs' to avoid re-running this script phase.\necho \"SUCCESS\" > \"${SCRIPT_OUTPUT_FILE_0}\"\n";
			showEnvVarsInLog = 0;
		};
		6791F0D0B924889C9E4A1B94 /* [CP] Copy Pods Resources */ = {
			isa = PBXShellScriptBuildPhase;
			buildActionMask = 2147483647;
			files = (
			);
			inputFileListPaths = (
				"${PODS_ROOT}/Target Support Files/Pods-ChatApp-ChatAppUITests/Pods-ChatApp-ChatAppUITests-resources-${CONFIGURATION}-input-files.xcfilelist",
			);
			name = "[CP] Copy Pods Resources";
			outputFileListPaths = (
				"${PODS_ROOT}/Target Support Files/Pods-ChatApp-ChatAppUITests/Pods-ChatApp-ChatAppUITests-resources-${CONFIGURATION}-output-files.xcfilelist",
			);
			runOnlyForDeploymentPostprocessing = 0;
			shellPath = /bin/sh;
			shellScript = "\"${PODS_ROOT}/Target Support Files/Pods-ChatApp-ChatAppUITests/Pods-ChatApp-ChatAppUITests-resources.sh\"\n";
			showEnvVarsInLog = 0;
		};
		81AF0A8018A84DD5E21FBB22 /* [CP] Copy Pods Resources */ = {
			isa = PBXShellScriptBuildPhase;
			buildActionMask = 2147483647;
			files = (
			);
			inputFileListPaths = (
				"${PODS_ROOT}/Target Support Files/Pods-ChatApp/Pods-ChatApp-resources-${CONFIGURATION}-input-files.xcfilelist",
			);
			name = "[CP] Copy Pods Resources";
			outputFileListPaths = (
				"${PODS_ROOT}/Target Support Files/Pods-ChatApp/Pods-ChatApp-resources-${CONFIGURATION}-output-files.xcfilelist",
			);
			runOnlyForDeploymentPostprocessing = 0;
			shellPath = /bin/sh;
			shellScript = "\"${PODS_ROOT}/Target Support Files/Pods-ChatApp/Pods-ChatApp-resources.sh\"\n";
			showEnvVarsInLog = 0;
		};
		A5086C1632CCF3A7B768F4A0 /* [CP] Check Pods Manifest.lock */ = {
			isa = PBXShellScriptBuildPhase;
			buildActionMask = 2147483647;
			files = (
			);
			inputFileListPaths = (
			);
			inputPaths = (
				"${PODS_PODFILE_DIR_PATH}/Podfile.lock",
				"${PODS_ROOT}/Manifest.lock",
			);
			name = "[CP] Check Pods Manifest.lock";
			outputFileListPaths = (
			);
			outputPaths = (
				"$(DERIVED_FILE_DIR)/Pods-ChatAppTests-checkManifestLockResult.txt",
			);
			runOnlyForDeploymentPostprocessing = 0;
			shellPath = /bin/sh;
			shellScript = "diff \"${PODS_PODFILE_DIR_PATH}/Podfile.lock\" \"${PODS_ROOT}/Manifest.lock\" > /dev/null\nif [ $? != 0 ] ; then\n    # print error to STDERR\n    echo \"error: The sandbox is not in sync with the Podfile.lock. Run 'pod install' or update your CocoaPods installation.\" >&2\n    exit 1\nfi\n# This output is used by Xcode 'outputs' to avoid re-running this script phase.\necho \"SUCCESS\" > \"${SCRIPT_OUTPUT_FILE_0}\"\n";
			showEnvVarsInLog = 0;
		};
		EA81EA2F879E55C0CC44C9BE /* [CP] Check Pods Manifest.lock */ = {
			isa = PBXShellScriptBuildPhase;
			buildActionMask = 2147483647;
			files = (
			);
			inputFileListPaths = (
			);
			inputPaths = (
				"${PODS_PODFILE_DIR_PATH}/Podfile.lock",
				"${PODS_ROOT}/Manifest.lock",
			);
			name = "[CP] Check Pods Manifest.lock";
			outputFileListPaths = (
			);
			outputPaths = (
				"$(DERIVED_FILE_DIR)/Pods-ChatApp-checkManifestLockResult.txt",
			);
			runOnlyForDeploymentPostprocessing = 0;
			shellPath = /bin/sh;
			shellScript = "diff \"${PODS_PODFILE_DIR_PATH}/Podfile.lock\" \"${PODS_ROOT}/Manifest.lock\" > /dev/null\nif [ $? != 0 ] ; then\n    # print error to STDERR\n    echo \"error: The sandbox is not in sync with the Podfile.lock. Run 'pod install' or update your CocoaPods installation.\" >&2\n    exit 1\nfi\n# This output is used by Xcode 'outputs' to avoid re-running this script phase.\necho \"SUCCESS\" > \"${SCRIPT_OUTPUT_FILE_0}\"\n";
			showEnvVarsInLog = 0;
		};
/* End PBXShellScriptBuildPhase section */

/* Begin PBXSourcesBuildPhase section */
		065C03DD273A59E9009016C3 /* Sources */ = {
			isa = PBXSourcesBuildPhase;
			buildActionMask = 2147483647;
			files = (
				0635FCD3275460AE00EA30B1 /* ResetPassword.swift in Sources */,
				06B92394274365CB00D9C974 /* User.swift in Sources */,
				067BD31027572255002ED73F /* LastMessage.swift in Sources */,
				065C03E7273A59E9009016C3 /* ContentView.swift in Sources */,
				06CFE6612745FDB6005BC5B6 /* NewMessage.swift in Sources */,
				06A4065B27415768004C0D23 /* MainMessage.swift in Sources */,
				066542AF2744E260008B79C1 /* FirebaseManager.swift in Sources */,
				063967732746497500A99EEA /* ChatMessage.swift in Sources */,
				0661C4E5274B4EFD00B3C9AF /* Message.swift in Sources */,
				065C0410273A6173009016C3 /* Home.swift in Sources */,
				065134C0273E109800A5A530 /* ImagePicker.swift in Sources */,
				065C03E5273A59E9009016C3 /* ChatAppApp.swift in Sources */,
				06B923912743650500D9C974 /* HomeViewModel.swift in Sources */,
			);
			runOnlyForDeploymentPostprocessing = 0;
		};
		065C03ED273A59EC009016C3 /* Sources */ = {
			isa = PBXSourcesBuildPhase;
			buildActionMask = 2147483647;
			files = (
				065C03F6273A59EC009016C3 /* ChatAppTests.swift in Sources */,
			);
			runOnlyForDeploymentPostprocessing = 0;
		};
		065C03F7273A59EC009016C3 /* Sources */ = {
			isa = PBXSourcesBuildPhase;
			buildActionMask = 2147483647;
			files = (
				065C0402273A59EC009016C3 /* ChatAppUITestsLaunchTests.swift in Sources */,
				065C0400273A59EC009016C3 /* ChatAppUITests.swift in Sources */,
			);
			runOnlyForDeploymentPostprocessing = 0;
		};
/* End PBXSourcesBuildPhase section */

/* Begin PBXTargetDependency section */
		065C03F3273A59EC009016C3 /* PBXTargetDependency */ = {
			isa = PBXTargetDependency;
			target = 065C03E0273A59E9009016C3 /* ChatApp */;
			targetProxy = 065C03F2273A59EC009016C3 /* PBXContainerItemProxy */;
		};
		065C03FD273A59EC009016C3 /* PBXTargetDependency */ = {
			isa = PBXTargetDependency;
			target = 065C03E0273A59E9009016C3 /* ChatApp */;
			targetProxy = 065C03FC273A59EC009016C3 /* PBXContainerItemProxy */;
		};
/* End PBXTargetDependency section */

/* Begin XCBuildConfiguration section */
		065C0403273A59EC009016C3 /* Debug */ = {
			isa = XCBuildConfiguration;
			buildSettings = {
				ALWAYS_SEARCH_USER_PATHS = NO;
				CLANG_ANALYZER_NONNULL = YES;
				CLANG_ANALYZER_NUMBER_OBJECT_CONVERSION = YES_AGGRESSIVE;
				CLANG_CXX_LANGUAGE_STANDARD = "gnu++17";
				CLANG_CXX_LIBRARY = "libc++";
				CLANG_ENABLE_MODULES = YES;
				CLANG_ENABLE_OBJC_ARC = YES;
				CLANG_ENABLE_OBJC_WEAK = YES;
				CLANG_WARN_BLOCK_CAPTURE_AUTORELEASING = YES;
				CLANG_WARN_BOOL_CONVERSION = YES;
				CLANG_WARN_COMMA = YES;
				CLANG_WARN_CONSTANT_CONVERSION = YES;
				CLANG_WARN_DEPRECATED_OBJC_IMPLEMENTATIONS = YES;
				CLANG_WARN_DIRECT_OBJC_ISA_USAGE = YES_ERROR;
				CLANG_WARN_DOCUMENTATION_COMMENTS = YES;
				CLANG_WARN_EMPTY_BODY = YES;
				CLANG_WARN_ENUM_CONVERSION = YES;
				CLANG_WARN_INFINITE_RECURSION = YES;
				CLANG_WARN_INT_CONVERSION = YES;
				CLANG_WARN_NON_LITERAL_NULL_CONVERSION = YES;
				CLANG_WARN_OBJC_IMPLICIT_RETAIN_SELF = YES;
				CLANG_WARN_OBJC_LITERAL_CONVERSION = YES;
				CLANG_WARN_OBJC_ROOT_CLASS = YES_ERROR;
				CLANG_WARN_QUOTED_INCLUDE_IN_FRAMEWORK_HEADER = YES;
				CLANG_WARN_RANGE_LOOP_ANALYSIS = YES;
				CLANG_WARN_STRICT_PROTOTYPES = YES;
				CLANG_WARN_SUSPICIOUS_MOVE = YES;
				CLANG_WARN_UNGUARDED_AVAILABILITY = YES_AGGRESSIVE;
				CLANG_WARN_UNREACHABLE_CODE = YES;
				CLANG_WARN__DUPLICATE_METHOD_MATCH = YES;
				COPY_PHASE_STRIP = NO;
				DEBUG_INFORMATION_FORMAT = dwarf;
				ENABLE_STRICT_OBJC_MSGSEND = YES;
				ENABLE_TESTABILITY = YES;
				GCC_C_LANGUAGE_STANDARD = gnu11;
				GCC_DYNAMIC_NO_PIC = NO;
				GCC_NO_COMMON_BLOCKS = YES;
				GCC_OPTIMIZATION_LEVEL = 0;
				GCC_PREPROCESSOR_DEFINITIONS = (
					"DEBUG=1",
					"$(inherited)",
				);
				GCC_WARN_64_TO_32_BIT_CONVERSION = YES;
				GCC_WARN_ABOUT_RETURN_TYPE = YES_ERROR;
				GCC_WARN_UNDECLARED_SELECTOR = YES;
				GCC_WARN_UNINITIALIZED_AUTOS = YES_AGGRESSIVE;
				GCC_WARN_UNUSED_FUNCTION = YES;
				GCC_WARN_UNUSED_VARIABLE = YES;
				IPHONEOS_DEPLOYMENT_TARGET = 15.0;
				MTL_ENABLE_DEBUG_INFO = INCLUDE_SOURCE;
				MTL_FAST_MATH = YES;
				ONLY_ACTIVE_ARCH = YES;
				SDKROOT = iphoneos;
				SWIFT_ACTIVE_COMPILATION_CONDITIONS = DEBUG;
				SWIFT_OPTIMIZATION_LEVEL = "-Onone";
			};
			name = Debug;
		};
		065C0404273A59EC009016C3 /* Release */ = {
			isa = XCBuildConfiguration;
			buildSettings = {
				ALWAYS_SEARCH_USER_PATHS = NO;
				CLANG_ANALYZER_NONNULL = YES;
				CLANG_ANALYZER_NUMBER_OBJECT_CONVERSION = YES_AGGRESSIVE;
				CLANG_CXX_LANGUAGE_STANDARD = "gnu++17";
				CLANG_CXX_LIBRARY = "libc++";
				CLANG_ENABLE_MODULES = YES;
				CLANG_ENABLE_OBJC_ARC = YES;
				CLANG_ENABLE_OBJC_WEAK = YES;
				CLANG_WARN_BLOCK_CAPTURE_AUTORELEASING = YES;
				CLANG_WARN_BOOL_CONVERSION = YES;
				CLANG_WARN_COMMA = YES;
				CLANG_WARN_CONSTANT_CONVERSION = YES;
				CLANG_WARN_DEPRECATED_OBJC_IMPLEMENTATIONS = YES;
				CLANG_WARN_DIRECT_OBJC_ISA_USAGE = YES_ERROR;
				CLANG_WARN_DOCUMENTATION_COMMENTS = YES;
				CLANG_WARN_EMPTY_BODY = YES;
				CLANG_WARN_ENUM_CONVERSION = YES;
				CLANG_WARN_INFINITE_RECURSION = YES;
				CLANG_WARN_INT_CONVERSION = YES;
				CLANG_WARN_NON_LITERAL_NULL_CONVERSION = YES;
				CLANG_WARN_OBJC_IMPLICIT_RETAIN_SELF = YES;
				CLANG_WARN_OBJC_LITERAL_CONVERSION = YES;
				CLANG_WARN_OBJC_ROOT_CLASS = YES_ERROR;
				CLANG_WARN_QUOTED_INCLUDE_IN_FRAMEWORK_HEADER = YES;
				CLANG_WARN_RANGE_LOOP_ANALYSIS = YES;
				CLANG_WARN_STRICT_PROTOTYPES = YES;
				CLANG_WARN_SUSPICIOUS_MOVE = YES;
				CLANG_WARN_UNGUARDED_AVAILABILITY = YES_AGGRESSIVE;
				CLANG_WARN_UNREACHABLE_CODE = YES;
				CLANG_WARN__DUPLICATE_METHOD_MATCH = YES;
				COPY_PHASE_STRIP = NO;
				DEBUG_INFORMATION_FORMAT = "dwarf-with-dsym";
				ENABLE_NS_ASSERTIONS = NO;
				ENABLE_STRICT_OBJC_MSGSEND = YES;
				GCC_C_LANGUAGE_STANDARD = gnu11;
				GCC_NO_COMMON_BLOCKS = YES;
				GCC_WARN_64_TO_32_BIT_CONVERSION = YES;
				GCC_WARN_ABOUT_RETURN_TYPE = YES_ERROR;
				GCC_WARN_UNDECLARED_SELECTOR = YES;
				GCC_WARN_UNINITIALIZED_AUTOS = YES_AGGRESSIVE;
				GCC_WARN_UNUSED_FUNCTION = YES;
				GCC_WARN_UNUSED_VARIABLE = YES;
				IPHONEOS_DEPLOYMENT_TARGET = 15.0;
				MTL_ENABLE_DEBUG_INFO = NO;
				MTL_FAST_MATH = YES;
				SDKROOT = iphoneos;
				SWIFT_COMPILATION_MODE = wholemodule;
				SWIFT_OPTIMIZATION_LEVEL = "-O";
				VALIDATE_PRODUCT = YES;
			};
			name = Release;
		};
		065C0406273A59EC009016C3 /* Debug */ = {
			isa = XCBuildConfiguration;
			baseConfigurationReference = 95F269D18B85635D3709296C /* Pods-ChatApp.debug.xcconfig */;
			buildSettings = {
				ASSETCATALOG_COMPILER_APPICON_NAME = AppIcon;
				ASSETCATALOG_COMPILER_GLOBAL_ACCENT_COLOR_NAME = AccentColor;
				CODE_SIGN_STYLE = Automatic;
				CURRENT_PROJECT_VERSION = 1;
				DEVELOPMENT_ASSET_PATHS = "\"ChatApp/Preview Content\"";
				DEVELOPMENT_TEAM = 84ZVHZY7F4;
				ENABLE_PREVIEWS = YES;
				GENERATE_INFOPLIST_FILE = YES;
				INFOPLIST_FILE = ChatApp/Info.plist;
				INFOPLIST_KEY_UIApplicationSceneManifest_Generation = YES;
				INFOPLIST_KEY_UIApplicationSupportsIndirectInputEvents = YES;
				INFOPLIST_KEY_UILaunchScreen_Generation = YES;
				INFOPLIST_KEY_UISupportedInterfaceOrientations_iPad = "UIInterfaceOrientationPortrait UIInterfaceOrientationPortraitUpsideDown UIInterfaceOrientationLandscapeLeft UIInterfaceOrientationLandscapeRight";
				INFOPLIST_KEY_UISupportedInterfaceOrientations_iPhone = "UIInterfaceOrientationPortrait UIInterfaceOrientationLandscapeLeft UIInterfaceOrientationLandscapeRight";
				LD_RUNPATH_SEARCH_PATHS = (
					"$(inherited)",
					"@executable_path/Frameworks",
				);
				MARKETING_VERSION = 1.0;
				PRODUCT_BUNDLE_IDENTIFIER = com.QuangBao.ChatApp;
				PRODUCT_NAME = "$(TARGET_NAME)";
				SWIFT_EMIT_LOC_STRINGS = YES;
				SWIFT_VERSION = 5.0;
				TARGETED_DEVICE_FAMILY = "1,2";
			};
			name = Debug;
		};
		065C0407273A59EC009016C3 /* Release */ = {
			isa = XCBuildConfiguration;
			baseConfigurationReference = 1517D1B39927555C8124D235 /* Pods-ChatApp.release.xcconfig */;
			buildSettings = {
				ASSETCATALOG_COMPILER_APPICON_NAME = AppIcon;
				ASSETCATALOG_COMPILER_GLOBAL_ACCENT_COLOR_NAME = AccentColor;
				CODE_SIGN_STYLE = Automatic;
				CURRENT_PROJECT_VERSION = 1;
				DEVELOPMENT_ASSET_PATHS = "\"ChatApp/Preview Content\"";
				DEVELOPMENT_TEAM = 84ZVHZY7F4;
				ENABLE_PREVIEWS = YES;
				GENERATE_INFOPLIST_FILE = YES;
				INFOPLIST_FILE = ChatApp/Info.plist;
				INFOPLIST_KEY_UIApplicationSceneManifest_Generation = YES;
				INFOPLIST_KEY_UIApplicationSupportsIndirectInputEvents = YES;
				INFOPLIST_KEY_UILaunchScreen_Generation = YES;
				INFOPLIST_KEY_UISupportedInterfaceOrientations_iPad = "UIInterfaceOrientationPortrait UIInterfaceOrientationPortraitUpsideDown UIInterfaceOrientationLandscapeLeft UIInterfaceOrientationLandscapeRight";
				INFOPLIST_KEY_UISupportedInterfaceOrientations_iPhone = "UIInterfaceOrientationPortrait UIInterfaceOrientationLandscapeLeft UIInterfaceOrientationLandscapeRight";
				LD_RUNPATH_SEARCH_PATHS = (
					"$(inherited)",
					"@executable_path/Frameworks",
				);
				MARKETING_VERSION = 1.0;
				PRODUCT_BUNDLE_IDENTIFIER = com.QuangBao.ChatApp;
				PRODUCT_NAME = "$(TARGET_NAME)";
				SWIFT_EMIT_LOC_STRINGS = YES;
				SWIFT_VERSION = 5.0;
				TARGETED_DEVICE_FAMILY = "1,2";
			};
			name = Release;
		};
		065C0409273A59EC009016C3 /* Debug */ = {
			isa = XCBuildConfiguration;
			baseConfigurationReference = D2F869BF34550C0130DD4FB0 /* Pods-ChatAppTests.debug.xcconfig */;
			buildSettings = {
				ALWAYS_EMBED_SWIFT_STANDARD_LIBRARIES = YES;
				BUNDLE_LOADER = "$(TEST_HOST)";
				CODE_SIGN_STYLE = Automatic;
				CURRENT_PROJECT_VERSION = 1;
				DEVELOPMENT_TEAM = 84ZVHZY7F4;
				GENERATE_INFOPLIST_FILE = YES;
				IPHONEOS_DEPLOYMENT_TARGET = 15.0;
				LD_RUNPATH_SEARCH_PATHS = (
					"$(inherited)",
					"@executable_path/Frameworks",
					"@loader_path/Frameworks",
				);
				MARKETING_VERSION = 1.0;
				PRODUCT_BUNDLE_IDENTIFIER = com.QuangBao.ChatAppTests;
				PRODUCT_NAME = "$(TARGET_NAME)";
				SWIFT_EMIT_LOC_STRINGS = NO;
				SWIFT_VERSION = 5.0;
				TARGETED_DEVICE_FAMILY = "1,2";
				TEST_HOST = "$(BUILT_PRODUCTS_DIR)/ChatApp.app/ChatApp";
			};
			name = Debug;
		};
		065C040A273A59EC009016C3 /* Release */ = {
			isa = XCBuildConfiguration;
			baseConfigurationReference = 69136919F18A9F23FF9AD7F4 /* Pods-ChatAppTests.release.xcconfig */;
			buildSettings = {
				ALWAYS_EMBED_SWIFT_STANDARD_LIBRARIES = YES;
				BUNDLE_LOADER = "$(TEST_HOST)";
				CODE_SIGN_STYLE = Automatic;
				CURRENT_PROJECT_VERSION = 1;
				DEVELOPMENT_TEAM = 84ZVHZY7F4;
				GENERATE_INFOPLIST_FILE = YES;
				IPHONEOS_DEPLOYMENT_TARGET = 15.0;
				LD_RUNPATH_SEARCH_PATHS = (
					"$(inherited)",
					"@executable_path/Frameworks",
					"@loader_path/Frameworks",
				);
				MARKETING_VERSION = 1.0;
				PRODUCT_BUNDLE_IDENTIFIER = com.QuangBao.ChatAppTests;
				PRODUCT_NAME = "$(TARGET_NAME)";
				SWIFT_EMIT_LOC_STRINGS = NO;
				SWIFT_VERSION = 5.0;
				TARGETED_DEVICE_FAMILY = "1,2";
				TEST_HOST = "$(BUILT_PRODUCTS_DIR)/ChatApp.app/ChatApp";
			};
			name = Release;
		};
		065C040C273A59EC009016C3 /* Debug */ = {
			isa = XCBuildConfiguration;
			baseConfigurationReference = 1540F88713FEA82C63E88178 /* Pods-ChatApp-ChatAppUITests.debug.xcconfig */;
			buildSettings = {
				ALWAYS_EMBED_SWIFT_STANDARD_LIBRARIES = YES;
				CODE_SIGN_STYLE = Automatic;
				CURRENT_PROJECT_VERSION = 1;
				DEVELOPMENT_TEAM = 84ZVHZY7F4;
				GENERATE_INFOPLIST_FILE = YES;
				LD_RUNPATH_SEARCH_PATHS = (
					"$(inherited)",
					"@executable_path/Frameworks",
					"@loader_path/Frameworks",
				);
				MARKETING_VERSION = 1.0;
				PRODUCT_BUNDLE_IDENTIFIER = com.QuangBao.ChatAppUITests;
				PRODUCT_NAME = "$(TARGET_NAME)";
				SWIFT_EMIT_LOC_STRINGS = NO;
				SWIFT_VERSION = 5.0;
				TARGETED_DEVICE_FAMILY = "1,2";
				TEST_TARGET_NAME = ChatApp;
			};
			name = Debug;
		};
		065C040D273A59EC009016C3 /* Release */ = {
			isa = XCBuildConfiguration;
			baseConfigurationReference = BA517F9C68E7660551B33F38 /* Pods-ChatApp-ChatAppUITests.release.xcconfig */;
			buildSettings = {
				ALWAYS_EMBED_SWIFT_STANDARD_LIBRARIES = YES;
				CODE_SIGN_STYLE = Automatic;
				CURRENT_PROJECT_VERSION = 1;
				DEVELOPMENT_TEAM = 84ZVHZY7F4;
				GENERATE_INFOPLIST_FILE = YES;
				LD_RUNPATH_SEARCH_PATHS = (
					"$(inherited)",
					"@executable_path/Frameworks",
					"@loader_path/Frameworks",
				);
				MARKETING_VERSION = 1.0;
				PRODUCT_BUNDLE_IDENTIFIER = com.QuangBao.ChatAppUITests;
				PRODUCT_NAME = "$(TARGET_NAME)";
				SWIFT_EMIT_LOC_STRINGS = NO;
				SWIFT_VERSION = 5.0;
				TARGETED_DEVICE_FAMILY = "1,2";
				TEST_TARGET_NAME = ChatApp;
			};
			name = Release;
		};
/* End XCBuildConfiguration section */

/* Begin XCConfigurationList section */
		065C03DC273A59E9009016C3 /* Build configuration list for PBXProject "ChatApp" */ = {
			isa = XCConfigurationList;
			buildConfigurations = (
				065C0403273A59EC009016C3 /* Debug */,
				065C0404273A59EC009016C3 /* Release */,
			);
			defaultConfigurationIsVisible = 0;
			defaultConfigurationName = Release;
		};
		065C0405273A59EC009016C3 /* Build configuration list for PBXNativeTarget "ChatApp" */ = {
			isa = XCConfigurationList;
			buildConfigurations = (
				065C0406273A59EC009016C3 /* Debug */,
				065C0407273A59EC009016C3 /* Release */,
			);
			defaultConfigurationIsVisible = 0;
			defaultConfigurationName = Release;
		};
		065C0408273A59EC009016C3 /* Build configuration list for PBXNativeTarget "ChatAppTests" */ = {
			isa = XCConfigurationList;
			buildConfigurations = (
				065C0409273A59EC009016C3 /* Debug */,
				065C040A273A59EC009016C3 /* Release */,
			);
			defaultConfigurationIsVisible = 0;
			defaultConfigurationName = Release;
		};
		065C040B273A59EC009016C3 /* Build configuration list for PBXNativeTarget "ChatAppUITests" */ = {
			isa = XCConfigurationList;
			buildConfigurations = (
				065C040C273A59EC009016C3 /* Debug */,
				065C040D273A59EC009016C3 /* Release */,
			);
			defaultConfigurationIsVisible = 0;
			defaultConfigurationName = Release;
		};
/* End XCConfigurationList section */

/* Begin XCRemoteSwiftPackageReference section */
		069DFBD2273BC3B2003E1419 /* XCRemoteSwiftPackageReference "firebase-ios-sdk" */ = {
			isa = XCRemoteSwiftPackageReference;
			repositoryURL = "https://github.com/firebase/firebase-ios-sdk.git";
			requirement = {
				kind = upToNextMajorVersion;
				minimumVersion = 8.0.0;
			};
		};
		06B9238C2743630000D9C974 /* XCRemoteSwiftPackageReference "SDWebImageSwiftUI" */ = {
			isa = XCRemoteSwiftPackageReference;
			repositoryURL = "https://github.com/SDWebImage/SDWebImageSwiftUI.git";
			requirement = {
				kind = upToNextMajorVersion;
				minimumVersion = 2.0.0;
			};
		};
/* End XCRemoteSwiftPackageReference section */

/* Begin XCSwiftPackageProductDependency section */
		069DFBD3273BC3B2003E1419 /* FirebaseAuth */ = {
			isa = XCSwiftPackageProductDependency;
			package = 069DFBD2273BC3B2003E1419 /* XCRemoteSwiftPackageReference "firebase-ios-sdk" */;
			productName = FirebaseAuth;
		};
		069DFBD5273BC3B2003E1419 /* FirebaseStorage */ = {
			isa = XCSwiftPackageProductDependency;
			package = 069DFBD2273BC3B2003E1419 /* XCRemoteSwiftPackageReference "firebase-ios-sdk" */;
			productName = FirebaseStorage;
		};
		06B9238D2743630000D9C974 /* SDWebImageSwiftUI */ = {
			isa = XCSwiftPackageProductDependency;
			package = 06B9238C2743630000D9C974 /* XCRemoteSwiftPackageReference "SDWebImageSwiftUI" */;
			productName = SDWebImageSwiftUI;
		};
/* End XCSwiftPackageProductDependency section */
	};
	rootObject = 065C03D9273A59E9009016C3 /* Project object */;
}
